
Microsoft Visual Studio Solution File, Format Version 12.00
# Visual Studio 15
VisualStudioVersion = 15.0.27130.2027
MinimumVisualStudioVersion = 10.0.40219.1
Project("{FAE04EC0-301F-11D3-BF4B-00C04F79EFBC}") = "SqlStreamStore.Server", "src\SqlStreamStore.Server\SqlStreamStore.Server.csproj", "{B4B24F09-CB96-4D2E-A1D2-C50C9557F144}"
EndProject
Project("{FAE04EC0-301F-11D3-BF4B-00C04F79EFBC}") = "SqlStreamStore.Server.Tests", "tests\SqlStreamStore.Server.Tests\SqlStreamStore.Server.Tests.csproj", "{AE3DAADF-EE63-4CFF-9024-0730650DD165}"
EndProject
Global
	GlobalSection(SolutionConfigurationPlatforms) = preSolution
		Debug|Any CPU = Debug|Any CPU
		Release|Any CPU = Release|Any CPU
	EndGlobalSection
	GlobalSection(ProjectConfigurationPlatforms) = postSolution
		{B4B24F09-CB96-4D2E-A1D2-C50C9557F144}.Debug|Any CPU.ActiveCfg = Debug|Any CPU
		{B4B24F09-CB96-4D2E-A1D2-C50C9557F144}.Debug|Any CPU.Build.0 = Debug|Any CPU
		{B4B24F09-CB96-4D2E-A1D2-C50C9557F144}.Release|Any CPU.ActiveCfg = Release|Any CPU
		{B4B24F09-CB96-4D2E-A1D2-C50C9557F144}.Release|Any CPU.Build.0 = Release|Any CPU
		{AE3DAADF-EE63-4CFF-9024-0730650DD165}.Debug|Any CPU.ActiveCfg = Debug|Any CPU
		{AE3DAADF-EE63-4CFF-9024-0730650DD165}.Debug|Any CPU.Build.0 = Debug|Any CPU
		{AE3DAADF-EE63-4CFF-9024-0730650DD165}.Release|Any CPU.ActiveCfg = Release|Any CPU
		{AE3DAADF-EE63-4CFF-9024-0730650DD165}.Release|Any CPU.Build.0 = Release|Any CPU
	EndGlobalSection
	GlobalSection(SolutionProperties) = preSolution
		HideSolutionNode = FALSE
	EndGlobalSection
	GlobalSection(ExtensibilityGlobals) = postSolution
		SolutionGuid = {B73A9198-258A-4A4B-BDCA-F10648311761}
	EndGlobalSection
EndGlobal
